
Microsoft Visual Studio Solution File, Format Version 12.00
# Visual Studio Version 17
VisualStudioVersion = 17.0.32014.148
MinimumVisualStudioVersion = 10.0.40219.1
Project("{FAE04EC0-301F-11D3-BF4B-00C04F79EFBC}") = "text1", "text1.csproj", "{84DE7173-497D-49A2-B7D6-C33E508C36FF}"
EndProject
Global
	GlobalSection(SolutionConfigurationPlatforms) = preSolution
		Debug|Any CPU = Debug|Any CPU
		Release|Any CPU = Release|Any CPU
	EndGlobalSection
	GlobalSection(ProjectConfigurationPlatforms) = postSolution
		{84DE7173-497D-49A2-B7D6-C33E508C36FF}.Debug|Any CPU.ActiveCfg = Debug|Any CPU
		{84DE7173-497D-49A2-B7D6-C33E508C36FF}.Debug|Any CPU.Build.0 = Debug|Any CPU
		{84DE7173-497D-49A2-B7D6-C33E508C36FF}.Release|Any CPU.ActiveCfg = Release|Any CPU
		{84DE7173-497D-49A2-B7D6-C33E508C36FF}.Release|Any CPU.Build.0 = Release|Any CPU
	EndGlobalSection
	GlobalSection(SolutionProperties) = preSolution
		HideSolutionNode = FALSE
	EndGlobalSection
	GlobalSection(ExtensibilityGlobals) = postSolution
		SolutionGuid = {7F7280A3-9305-469E-B171-B15D3F822B62}
	EndGlobalSection
EndGlobal
